{
  "nodes": {
    "cfn-lsp-extra": {
      "flake": false,
      "locked": {
        "lastModified": 1758973113,
        "narHash": "sha256-kuBe+JUtdVat7h3WYGDD1sl5C3R0h6aEoMDCTQPEbls=",
        "owner": "LaurenceWarne",
        "repo": "cfn-lsp-extra",
        "rev": "e6483c9dd9140c5348fa0d77abb966866e9ffe38",
        "type": "github"
      },
      "original": {
        "owner": "LaurenceWarne",
        "repo": "cfn-lsp-extra",
        "type": "github"
      }
    },
    "flake-parts": {
      "inputs": {
        "nixpkgs-lib": "nixpkgs-lib"
      },
      "locked": {
        "lastModified": 1756770412,
        "narHash": "sha256-+uWLQZccFHwqpGqr2Yt5VsW/PbeJVTn9Dk6SHWhNRPw=",
        "owner": "hercules-ci",
        "repo": "flake-parts",
        "rev": "4524271976b625a4a605beefd893f270620fd751",
        "type": "github"
      },
      "original": {
        "owner": "hercules-ci",
        "repo": "flake-parts",
        "type": "github"
      }
    },
    "nixpkgs": {
      "locked": {
        "lastModified": 1759070547,
        "narHash": "sha256-JVZl8NaVRYb0+381nl7LvPE+A774/dRpif01FKLrYFQ=",
        "owner": "NixOS",
        "repo": "nixpkgs",
        "rev": "647e5c14cbd5067f44ac86b74f014962df460840",
        "type": "github"
      },
      "original": {
        "owner": "NixOS",
        "ref": "nixpkgs-unstable",
        "repo": "nixpkgs",
        "type": "github"
      }
    },
    "nixpkgs-lib": {
      "locked": {
        "lastModified": 1754788789,
        "narHash": "sha256-x2rJ+Ovzq0sCMpgfgGaaqgBSwY+LST+WbZ6TytnT9Rk=",
        "owner": "nix-community",
        "repo": "nixpkgs.lib",
        "rev": "a73b9c743612e4244d865a2fdee11865283c04e6",
        "type": "github"
      },
      "original": {
        "owner": "nix-community",
        "repo": "nixpkgs.lib",
        "type": "github"
      }
    },
    "root": {
      "inputs": {
        "cfn-lsp-extra": "cfn-lsp-extra",
        "flake-parts": "flake-parts",
        "nixpkgs": "nixpkgs",
        "ts-error-translator-src": "ts-error-translator-src",
        "twoslash-queries-src": "twoslash-queries-src"
      }
    },
    "ts-error-translator-src": {
      "flake": false,
      "locked": {
        "lastModified": 1731721659,
        "narHash": "sha256-fi68jJVNTL2WlTehcl5Q8tijAeu2usjIsWXjcuixkCM=",
        "owner": "dmmulroy",
        "repo": "ts-error-translator.nvim",
        "rev": "47e5ba89f71b9e6c72eaaaaa519dd59bd6897df4",
        "type": "github"
      },
      "original": {
        "owner": "dmmulroy",
        "repo": "ts-error-translator.nvim",
        "type": "github"
      }
    },
    "twoslash-queries-src": {
      "flake": false,
      "locked": {
        "lastModified": 1758891454,
        "narHash": "sha256-btmSEZ1rTIcp3bOxoY8UakC5A9rHErnnQTiCKAaXiwE=",
        "owner": "marilari88",
        "repo": "twoslash-queries.nvim",
        "rev": "1262c20cad5abd6e89995dc4bc0eaab0e2e4e0b9",
        "type": "github"
      },
      "original": {
        "owner": "marilari88",
        "repo": "twoslash-queries.nvim",
        "type": "github"
      }
    }
  },
  "root": "root",
  "version": 7
}
